
Microsoft Visual Studio Solution File, Format Version 12.00
Project("{FAE04EC0-301F-11D3-BF4B-00C04F79EFBC}") = "XDataFlow", "XDataFlow\XDataFlow.csproj", "{B0E78C93-A175-450D-9F1C-230CF13D4099}"
EndProject
Project("{FAE04EC0-301F-11D3-BF4B-00C04F79EFBC}") = "XDataFlow.Tests", "XDataFlow.Tests\XDataFlow.Tests.csproj", "{1B6B1936-B583-4753-B6EA-F11DCFB674AB}"
EndProject
Project("{FAE04EC0-301F-11D3-BF4B-00C04F79EFBC}") = "XDataFlow.Parts.NetCore", "XDataFlow.Parts.NetCore\XDataFlow.Parts.NetCore.csproj", "{D3732C9C-48F2-4F57-9AB3-9592153607CF}"
EndProject
Project("{FAE04EC0-301F-11D3-BF4B-00C04F79EFBC}") = "XDataFlow.Parts.Net", "XDataFlow.Parts.Net\XDataFlow.Parts.Net.csproj", "{6EF0568E-57BE-4EE8-9683-D4457DD69197}"
EndProject
Global
	GlobalSection(SolutionConfigurationPlatforms) = preSolution
		Debug|Any CPU = Debug|Any CPU
		Release|Any CPU = Release|Any CPU
	EndGlobalSection
	GlobalSection(ProjectConfigurationPlatforms) = postSolution
		{B0E78C93-A175-450D-9F1C-230CF13D4099}.Debug|Any CPU.ActiveCfg = Debug|Any CPU
		{B0E78C93-A175-450D-9F1C-230CF13D4099}.Debug|Any CPU.Build.0 = Debug|Any CPU
		{B0E78C93-A175-450D-9F1C-230CF13D4099}.Release|Any CPU.ActiveCfg = Release|Any CPU
		{B0E78C93-A175-450D-9F1C-230CF13D4099}.Release|Any CPU.Build.0 = Release|Any CPU
		{1B6B1936-B583-4753-B6EA-F11DCFB674AB}.Debug|Any CPU.ActiveCfg = Debug|Any CPU
		{1B6B1936-B583-4753-B6EA-F11DCFB674AB}.Debug|Any CPU.Build.0 = Debug|Any CPU
		{1B6B1936-B583-4753-B6EA-F11DCFB674AB}.Release|Any CPU.ActiveCfg = Release|Any CPU
		{1B6B1936-B583-4753-B6EA-F11DCFB674AB}.Release|Any CPU.Build.0 = Release|Any CPU
		{D3732C9C-48F2-4F57-9AB3-9592153607CF}.Debug|Any CPU.ActiveCfg = Debug|Any CPU
		{D3732C9C-48F2-4F57-9AB3-9592153607CF}.Debug|Any CPU.Build.0 = Debug|Any CPU
		{D3732C9C-48F2-4F57-9AB3-9592153607CF}.Release|Any CPU.ActiveCfg = Release|Any CPU
		{D3732C9C-48F2-4F57-9AB3-9592153607CF}.Release|Any CPU.Build.0 = Release|Any CPU
		{6EF0568E-57BE-4EE8-9683-D4457DD69197}.Debug|Any CPU.ActiveCfg = Debug|Any CPU
		{6EF0568E-57BE-4EE8-9683-D4457DD69197}.Debug|Any CPU.Build.0 = Debug|Any CPU
		{6EF0568E-57BE-4EE8-9683-D4457DD69197}.Release|Any CPU.ActiveCfg = Release|Any CPU
		{6EF0568E-57BE-4EE8-9683-D4457DD69197}.Release|Any CPU.Build.0 = Release|Any CPU
	EndGlobalSection
EndGlobal
