
Microsoft Visual Studio Solution File, Format Version 12.00
Project("{FAE04EC0-301F-11D3-BF4B-00C04F79EFBC}") = "SharpGlide", "SharpGlide\SharpGlide.csproj", "{B0E78C93-A175-450D-9F1C-230CF13D4099}"
EndProject
Project("{FAE04EC0-301F-11D3-BF4B-00C04F79EFBC}") = "SharpGlide.Tests", "SharpGlide.Tests\SharpGlide.Tests.csproj", "{1B6B1936-B583-4753-B6EA-F11DCFB674AB}"
EndProject
Project("{2150E333-8FDC-42A3-9474-1A3956D46DE8}") = "Examples", "Examples", "{23D07C17-15AA-41AA-B811-06C6E020A56B}"
EndProject
Project("{FAE04EC0-301F-11D3-BF4B-00C04F79EFBC}") = "SharpGlide.ReadExamples", "..\examples\SharpGlide.ReadExamples\SharpGlide.ReadExamples.csproj", "{E4886687-B5B7-463C-B8E4-B8F17027DAC3}"
EndProject
Project("{2150E333-8FDC-42A3-9474-1A3956D46DE8}") = "Benchmark", "Benchmark", "{36384C41-E609-4491-B4C8-59F59C7347DB}"
EndProject
Project("{FAE04EC0-301F-11D3-BF4B-00C04F79EFBC}") = "SharpGlide.Benchmark", "..\benchmark\SharpGlide.Benchmark\SharpGlide.Benchmark.csproj", "{45C7D73A-3DFA-4539-8AF0-8688E4C95EAA}"
EndProject
Project("{FAE04EC0-301F-11D3-BF4B-00C04F79EFBC}") = "SharpGlide.FilesToCloudUploader", "..\examples\SharpGlide.FilesToCloudUploader\SharpGlide.FilesToCloudUploader.csproj", "{6003CF2F-4086-4789-90BB-09680D408C24}"
EndProject
Project("{FAE04EC0-301F-11D3-BF4B-00C04F79EFBC}") = "SharpGlide.WebApps.YandexDiskUploader", "..\examples\SharpGlide.WebApps.YandexDiskUploader\SharpGlide.WebApps.YandexDiskUploader.csproj", "{06222337-F072-44B2-922B-1AC5B32BF31B}"
EndProject
Project("{FAE04EC0-301F-11D3-BF4B-00C04F79EFBC}") = "SharpGlide.Cloud.Yandex", "..\examples\SharpGlide.Cloud.Yandex\SharpGlide.Cloud.Yandex.csproj", "{CE0141F0-39A1-4DD8-ABB6-521F89D1FE78}"
EndProject
Project("{FAE04EC0-301F-11D3-BF4B-00C04F79EFBC}") = "SharpGlide.Http", "..\examples\SharpGlide.Http\SharpGlide.Http.csproj", "{C3EC5FBB-2367-4788-82E1-BFC4C5B19458}"
EndProject
Project("{FAE04EC0-301F-11D3-BF4B-00C04F79EFBC}") = "SharpGlide.IO", "..\examples\SharpGlide.IO\SharpGlide.IO.csproj", "{B25DD8D7-14DB-4848-8AC1-CA2EFAF3B568}"
EndProject
Project("{FAE04EC0-301F-11D3-BF4B-00C04F79EFBC}") = "SharpGlide.Cloud.Yandex.Tests", "..\examples\SharpGlide.Cloud.Yandex.Tests\SharpGlide.Cloud.Yandex.Tests.csproj", "{A77D29C1-FBE6-4412-8EDC-9A254FDC9BAA}"
EndProject
Project("{FAE04EC0-301F-11D3-BF4B-00C04F79EFBC}") = "SharpGlide.WebApps.YandexDiskUploader.Tests", "..\examples\SharpGlide.WebApps.YandexDiskUploader.Tests\SharpGlide.WebApps.YandexDiskUploader.Tests.csproj", "{772B6B2F-E790-44BC-836F-F1A85409BE37}"
EndProject
Project("{FAE04EC0-301F-11D3-BF4B-00C04F79EFBC}") = "SharpGlide.Processing", "..\examples\SharpGlide.Processing\SharpGlide.Processing.csproj", "{887F4D1E-58F3-4B20-BE8A-0E93010CDA5C}"
EndProject
Project("{FAE04EC0-301F-11D3-BF4B-00C04F79EFBC}") = "SharpGlide.Processing.Tests", "..\examples\SharpGlide.Processing.Tests\SharpGlide.Processing.Tests.csproj", "{DAA35859-1BBA-426F-8989-3FF956119AD3}"
EndProject
Global
	GlobalSection(SolutionConfigurationPlatforms) = preSolution
		Debug|Any CPU = Debug|Any CPU
		Release|Any CPU = Release|Any CPU
	EndGlobalSection
	GlobalSection(ProjectConfigurationPlatforms) = postSolution
		{B0E78C93-A175-450D-9F1C-230CF13D4099}.Debug|Any CPU.ActiveCfg = Debug|Any CPU
		{B0E78C93-A175-450D-9F1C-230CF13D4099}.Debug|Any CPU.Build.0 = Debug|Any CPU
		{B0E78C93-A175-450D-9F1C-230CF13D4099}.Release|Any CPU.ActiveCfg = Release|Any CPU
		{B0E78C93-A175-450D-9F1C-230CF13D4099}.Release|Any CPU.Build.0 = Release|Any CPU
		{1B6B1936-B583-4753-B6EA-F11DCFB674AB}.Debug|Any CPU.ActiveCfg = Debug|Any CPU
		{1B6B1936-B583-4753-B6EA-F11DCFB674AB}.Debug|Any CPU.Build.0 = Debug|Any CPU
		{1B6B1936-B583-4753-B6EA-F11DCFB674AB}.Release|Any CPU.ActiveCfg = Release|Any CPU
		{1B6B1936-B583-4753-B6EA-F11DCFB674AB}.Release|Any CPU.Build.0 = Release|Any CPU
		{E4886687-B5B7-463C-B8E4-B8F17027DAC3}.Debug|Any CPU.ActiveCfg = Debug|Any CPU
		{E4886687-B5B7-463C-B8E4-B8F17027DAC3}.Debug|Any CPU.Build.0 = Debug|Any CPU
		{E4886687-B5B7-463C-B8E4-B8F17027DAC3}.Release|Any CPU.ActiveCfg = Release|Any CPU
		{E4886687-B5B7-463C-B8E4-B8F17027DAC3}.Release|Any CPU.Build.0 = Release|Any CPU
		{45C7D73A-3DFA-4539-8AF0-8688E4C95EAA}.Debug|Any CPU.ActiveCfg = Debug|Any CPU
		{45C7D73A-3DFA-4539-8AF0-8688E4C95EAA}.Debug|Any CPU.Build.0 = Debug|Any CPU
		{45C7D73A-3DFA-4539-8AF0-8688E4C95EAA}.Release|Any CPU.ActiveCfg = Release|Any CPU
		{45C7D73A-3DFA-4539-8AF0-8688E4C95EAA}.Release|Any CPU.Build.0 = Release|Any CPU
		{6003CF2F-4086-4789-90BB-09680D408C24}.Debug|Any CPU.ActiveCfg = Debug|Any CPU
		{6003CF2F-4086-4789-90BB-09680D408C24}.Debug|Any CPU.Build.0 = Debug|Any CPU
		{6003CF2F-4086-4789-90BB-09680D408C24}.Release|Any CPU.ActiveCfg = Release|Any CPU
		{6003CF2F-4086-4789-90BB-09680D408C24}.Release|Any CPU.Build.0 = Release|Any CPU
		{06222337-F072-44B2-922B-1AC5B32BF31B}.Debug|Any CPU.ActiveCfg = Debug|Any CPU
		{06222337-F072-44B2-922B-1AC5B32BF31B}.Debug|Any CPU.Build.0 = Debug|Any CPU
		{06222337-F072-44B2-922B-1AC5B32BF31B}.Release|Any CPU.ActiveCfg = Release|Any CPU
		{06222337-F072-44B2-922B-1AC5B32BF31B}.Release|Any CPU.Build.0 = Release|Any CPU
		{CE0141F0-39A1-4DD8-ABB6-521F89D1FE78}.Debug|Any CPU.ActiveCfg = Debug|Any CPU
		{CE0141F0-39A1-4DD8-ABB6-521F89D1FE78}.Debug|Any CPU.Build.0 = Debug|Any CPU
		{CE0141F0-39A1-4DD8-ABB6-521F89D1FE78}.Release|Any CPU.ActiveCfg = Release|Any CPU
		{CE0141F0-39A1-4DD8-ABB6-521F89D1FE78}.Release|Any CPU.Build.0 = Release|Any CPU
		{C3EC5FBB-2367-4788-82E1-BFC4C5B19458}.Debug|Any CPU.ActiveCfg = Debug|Any CPU
		{C3EC5FBB-2367-4788-82E1-BFC4C5B19458}.Debug|Any CPU.Build.0 = Debug|Any CPU
		{C3EC5FBB-2367-4788-82E1-BFC4C5B19458}.Release|Any CPU.ActiveCfg = Release|Any CPU
		{C3EC5FBB-2367-4788-82E1-BFC4C5B19458}.Release|Any CPU.Build.0 = Release|Any CPU
		{B25DD8D7-14DB-4848-8AC1-CA2EFAF3B568}.Debug|Any CPU.ActiveCfg = Debug|Any CPU
		{B25DD8D7-14DB-4848-8AC1-CA2EFAF3B568}.Debug|Any CPU.Build.0 = Debug|Any CPU
		{B25DD8D7-14DB-4848-8AC1-CA2EFAF3B568}.Release|Any CPU.ActiveCfg = Release|Any CPU
		{B25DD8D7-14DB-4848-8AC1-CA2EFAF3B568}.Release|Any CPU.Build.0 = Release|Any CPU
		{A77D29C1-FBE6-4412-8EDC-9A254FDC9BAA}.Debug|Any CPU.ActiveCfg = Debug|Any CPU
		{A77D29C1-FBE6-4412-8EDC-9A254FDC9BAA}.Debug|Any CPU.Build.0 = Debug|Any CPU
		{A77D29C1-FBE6-4412-8EDC-9A254FDC9BAA}.Release|Any CPU.ActiveCfg = Release|Any CPU
		{A77D29C1-FBE6-4412-8EDC-9A254FDC9BAA}.Release|Any CPU.Build.0 = Release|Any CPU
		{772B6B2F-E790-44BC-836F-F1A85409BE37}.Debug|Any CPU.ActiveCfg = Debug|Any CPU
		{772B6B2F-E790-44BC-836F-F1A85409BE37}.Debug|Any CPU.Build.0 = Debug|Any CPU
		{772B6B2F-E790-44BC-836F-F1A85409BE37}.Release|Any CPU.ActiveCfg = Release|Any CPU
		{772B6B2F-E790-44BC-836F-F1A85409BE37}.Release|Any CPU.Build.0 = Release|Any CPU
		{887F4D1E-58F3-4B20-BE8A-0E93010CDA5C}.Debug|Any CPU.ActiveCfg = Debug|Any CPU
		{887F4D1E-58F3-4B20-BE8A-0E93010CDA5C}.Debug|Any CPU.Build.0 = Debug|Any CPU
		{887F4D1E-58F3-4B20-BE8A-0E93010CDA5C}.Release|Any CPU.ActiveCfg = Release|Any CPU
		{887F4D1E-58F3-4B20-BE8A-0E93010CDA5C}.Release|Any CPU.Build.0 = Release|Any CPU
		{DAA35859-1BBA-426F-8989-3FF956119AD3}.Debug|Any CPU.ActiveCfg = Debug|Any CPU
		{DAA35859-1BBA-426F-8989-3FF956119AD3}.Debug|Any CPU.Build.0 = Debug|Any CPU
		{DAA35859-1BBA-426F-8989-3FF956119AD3}.Release|Any CPU.ActiveCfg = Release|Any CPU
		{DAA35859-1BBA-426F-8989-3FF956119AD3}.Release|Any CPU.Build.0 = Release|Any CPU
	EndGlobalSection
	GlobalSection(NestedProjects) = preSolution
		{E4886687-B5B7-463C-B8E4-B8F17027DAC3} = {23D07C17-15AA-41AA-B811-06C6E020A56B}
		{45C7D73A-3DFA-4539-8AF0-8688E4C95EAA} = {36384C41-E609-4491-B4C8-59F59C7347DB}
		{6003CF2F-4086-4789-90BB-09680D408C24} = {23D07C17-15AA-41AA-B811-06C6E020A56B}
		{06222337-F072-44B2-922B-1AC5B32BF31B} = {23D07C17-15AA-41AA-B811-06C6E020A56B}
		{CE0141F0-39A1-4DD8-ABB6-521F89D1FE78} = {23D07C17-15AA-41AA-B811-06C6E020A56B}
		{C3EC5FBB-2367-4788-82E1-BFC4C5B19458} = {23D07C17-15AA-41AA-B811-06C6E020A56B}
		{B25DD8D7-14DB-4848-8AC1-CA2EFAF3B568} = {23D07C17-15AA-41AA-B811-06C6E020A56B}
		{A77D29C1-FBE6-4412-8EDC-9A254FDC9BAA} = {23D07C17-15AA-41AA-B811-06C6E020A56B}
		{772B6B2F-E790-44BC-836F-F1A85409BE37} = {23D07C17-15AA-41AA-B811-06C6E020A56B}
		{887F4D1E-58F3-4B20-BE8A-0E93010CDA5C} = {23D07C17-15AA-41AA-B811-06C6E020A56B}
		{DAA35859-1BBA-426F-8989-3FF956119AD3} = {23D07C17-15AA-41AA-B811-06C6E020A56B}
	EndGlobalSection
EndGlobal
